Microsoft Visual Studio Solution File, Format Version 12.00
# Visual Studio Version 17
VisualStudioVersion = 17.5.2.0
MinimumVisualStudioVersion = 10.0.40219.1
Project("{FAE04EC0-301F-11D3-BF4B-00C04F79EFBC}") = "HlpAI", "HlpAI\HlpAI.csproj", "{E1637351-010A-46B2-0F53-A7178507E1BC}"
EndProject
Project("{FAE04EC0-301F-11D3-BF4B-00C04F79EFBC}") = "HlpAI.Tests", "HlpAI.Tests\HlpAI.Tests.csproj", "{39A406DE-3B92-7DD1-796F-7A6478534DA2}"
EndProject
Global
	GlobalSection(SolutionConfigurationPlatforms) = preSolution
		Debug|Any CPU = Debug|Any CPU
		Release|Any CPU = Release|Any CPU
	EndGlobalSection
	GlobalSection(ProjectConfigurationPlatforms) = postSolution
		{E1637351-010A-46B2-0F53-A7178507E1BC}.Debug|Any CPU.ActiveCfg = Debug|Any CPU
		{E1637351-010A-46B2-0F53-A7178507E1BC}.Debug|Any CPU.Build.0 = Debug|Any CPU
		{E1637351-010A-46B2-0F53-A7178507E1BC}.Release|Any CPU.ActiveCfg = Release|Any CPU
		{E1637351-010A-46B2-0F53-A7178507E1BC}.Release|Any CPU.Build.0 = Release|Any CPU
		{39A406DE-3B92-7DD1-796F-7A6478534DA2}.Debug|Any CPU.ActiveCfg = Debug|Any CPU
		{39A406DE-3B92-7DD1-796F-7A6478534DA2}.Debug|Any CPU.Build.0 = Debug|Any CPU
		{39A406DE-3B92-7DD1-796F-7A6478534DA2}.Release|Any CPU.ActiveCfg = Release|Any CPU
		{39A406DE-3B92-7DD1-796F-7A6478534DA2}.Release|Any CPU.Build.0 = Release|Any CPU
	EndGlobalSection
	GlobalSection(SolutionProperties) = preSolution
		HideSolutionNode = FALSE
	EndGlobalSection
	GlobalSection(ExtensibilityGlobals) = postSolution
		SolutionGuid = {FF7DE738-FA44-401B-AA9F-3582E40D6395}
	EndGlobalSection
EndGlobal
